
Microsoft Visual Studio Solution File, Format Version 12.00
# Visual Studio Version 17
VisualStudioVersion = 17.5.33424.131
MinimumVisualStudioVersion = 10.0.40219.1
Project("{9A19103F-16F7-4668-BE54-9A1E7A4F7556}") = "CleanArch.Domain", "Domain\CleanArch.Domain.csproj", "{45E8DC21-E925-45B9-B0C8-9A69FB5D6DEF}"
EndProject
Project("{9A19103F-16F7-4668-BE54-9A1E7A4F7556}") = "CleanArch.Infra.IoC", "CleanArch.Infra.IoC\CleanArch.Infra.IoC.csproj", "{F2EF2893-74E3-4E07-A339-CDAEE661CB3D}"
EndProject
Project("{9A19103F-16F7-4668-BE54-9A1E7A4F7556}") = "CleanArch.Application", "CleanArch.Application\CleanArch.Application.csproj", "{A327A5AE-0759-4384-881C-6D4E95D1435E}"
EndProject
Project("{9A19103F-16F7-4668-BE54-9A1E7A4F7556}") = "CleanArch.Infra.Data", "CleanArch.Infra.Data\CleanArch.Infra.Data.csproj", "{69431131-0EB8-4C21-B638-F1AFCD249DB3}"
EndProject
Project("{FAE04EC0-301F-11D3-BF4B-00C04F79EFBC}") = "CleanArch.API", "CleanArch.API\CleanArch.API.csproj", "{99B46F8D-8608-45DA-B801-7C1F59138349}"
EndProject
Project("{FAE04EC0-301F-11D3-BF4B-00C04F79EFBC}") = "CleanArch.Test.Domain", "CleanArch.Test.Domain\CleanArch.Test.Domain.csproj", "{03007E51-308A-420E-9D90-E3778657646F}"
EndProject
Global
	GlobalSection(SolutionConfigurationPlatforms) = preSolution
		Debug|Any CPU = Debug|Any CPU
		Release|Any CPU = Release|Any CPU
	EndGlobalSection
	GlobalSection(ProjectConfigurationPlatforms) = postSolution
		{45E8DC21-E925-45B9-B0C8-9A69FB5D6DEF}.Debug|Any CPU.ActiveCfg = Debug|Any CPU
		{45E8DC21-E925-45B9-B0C8-9A69FB5D6DEF}.Debug|Any CPU.Build.0 = Debug|Any CPU
		{45E8DC21-E925-45B9-B0C8-9A69FB5D6DEF}.Release|Any CPU.ActiveCfg = Release|Any CPU
		{45E8DC21-E925-45B9-B0C8-9A69FB5D6DEF}.Release|Any CPU.Build.0 = Release|Any CPU
		{F2EF2893-74E3-4E07-A339-CDAEE661CB3D}.Debug|Any CPU.ActiveCfg = Debug|Any CPU
		{F2EF2893-74E3-4E07-A339-CDAEE661CB3D}.Debug|Any CPU.Build.0 = Debug|Any CPU
		{F2EF2893-74E3-4E07-A339-CDAEE661CB3D}.Release|Any CPU.ActiveCfg = Release|Any CPU
		{F2EF2893-74E3-4E07-A339-CDAEE661CB3D}.Release|Any CPU.Build.0 = Release|Any CPU
		{A327A5AE-0759-4384-881C-6D4E95D1435E}.Debug|Any CPU.ActiveCfg = Debug|Any CPU
		{A327A5AE-0759-4384-881C-6D4E95D1435E}.Debug|Any CPU.Build.0 = Debug|Any CPU
		{A327A5AE-0759-4384-881C-6D4E95D1435E}.Release|Any CPU.ActiveCfg = Release|Any CPU
		{A327A5AE-0759-4384-881C-6D4E95D1435E}.Release|Any CPU.Build.0 = Release|Any CPU
		{69431131-0EB8-4C21-B638-F1AFCD249DB3}.Debug|Any CPU.ActiveCfg = Debug|Any CPU
		{69431131-0EB8-4C21-B638-F1AFCD249DB3}.Debug|Any CPU.Build.0 = Debug|Any CPU
		{69431131-0EB8-4C21-B638-F1AFCD249DB3}.Release|Any CPU.ActiveCfg = Release|Any CPU
		{69431131-0EB8-4C21-B638-F1AFCD249DB3}.Release|Any CPU.Build.0 = Release|Any CPU
		{99B46F8D-8608-45DA-B801-7C1F59138349}.Debug|Any CPU.ActiveCfg = Debug|Any CPU
		{99B46F8D-8608-45DA-B801-7C1F59138349}.Debug|Any CPU.Build.0 = Debug|Any CPU
		{99B46F8D-8608-45DA-B801-7C1F59138349}.Release|Any CPU.ActiveCfg = Release|Any CPU
		{99B46F8D-8608-45DA-B801-7C1F59138349}.Release|Any CPU.Build.0 = Release|Any CPU
		{03007E51-308A-420E-9D90-E3778657646F}.Debug|Any CPU.ActiveCfg = Debug|Any CPU
		{03007E51-308A-420E-9D90-E3778657646F}.Debug|Any CPU.Build.0 = Debug|Any CPU
		{03007E51-308A-420E-9D90-E3778657646F}.Release|Any CPU.ActiveCfg = Release|Any CPU
		{03007E51-308A-420E-9D90-E3778657646F}.Release|Any CPU.Build.0 = Release|Any CPU
	EndGlobalSection
	GlobalSection(SolutionProperties) = preSolution
		HideSolutionNode = FALSE
	EndGlobalSection
	GlobalSection(ExtensibilityGlobals) = postSolution
		SolutionGuid = {0444B424-1524-40C6-9B43-6481D092BF46}
	EndGlobalSection
EndGlobal
